// !$*UTF8*$!
{
	archiveVersion = 1;
	classes = {
	};
	objectVersion = 46;
	objects = {

/* Begin PBXBuildFile section */
		277D43291DC8E61100B82E15 /* main.swift in Sources */ = {isa = PBXBuildFile; fileRef = 277D43281DC8E61100B82E15 /* main.swift */; };
		277D43301DC8E63600B82E15 /* Point.swift in Sources */ = {isa = PBXBuildFile; fileRef = 277D432F1DC8E63600B82E15 /* Point.swift */; };
		27AFB0171DC94D5A0038A6E2 /* Matrix.swift in Sources */ = {isa = PBXBuildFile; fileRef = 27AFB0161DC94D5A0038A6E2 /* Matrix.swift */; };
		27AFB0191DC9502F0038A6E2 /* Parallel.swift in Sources */ = {isa = PBXBuildFile; fileRef = 27AFB0181DC9502F0038A6E2 /* Parallel.swift */; };
/* End PBXBuildFile section */

/* Begin PBXCopyFilesBuildPhase section */
		277D43231DC8E61000B82E15 /* CopyFiles */ = {
			isa = PBXCopyFilesBuildPhase;
			buildActionMask = 2147483647;
			dstPath = /usr/share/man/man1/;
			dstSubfolderSpec = 0;
			files = (
			);
			runOnlyForDeploymentPostprocessing = 1;
		};
/* End PBXCopyFilesBuildPhase section */

/* Begin PBXFileReference section */
		277D43251DC8E61100B82E15 /* Test3D */ = {isa = PBXFileReference; explicitFileType = "compiled.mach-o.executable"; includeInIndex = 0; path = Test3D; sourceTree = BUILT_PRODUCTS_DIR; };
		277D43281DC8E61100B82E15 /* main.swift */ = {isa = PBXFileReference; lastKnownFileType = sourcecode.swift; path = main.swift; sourceTree = "<group>"; };
		277D432F1DC8E63600B82E15 /* Point.swift */ = {isa = PBXFileReference; fileEncoding = 4; lastKnownFileType = sourcecode.swift; path = Point.swift; sourceTree = "<group>"; };
		27AFB0161DC94D5A0038A6E2 /* Matrix.swift */ = {isa = PBXFileReference; fileEncoding = 4; lastKnownFileType = sourcecode.swift; path = Matrix.swift; sourceTree = "<group>"; };
		27AFB0181DC9502F0038A6E2 /* Parallel.swift */ = {isa = PBXFileReference; fileEncoding = 4; lastKnownFileType = sourcecode.swift; path = Parallel.swift; sourceTree = "<group>"; };
/* End PBXFileReference section */

/* Begin PBXFrameworksBuildPhase section */
		277D43221DC8E61000B82E15 /* Frameworks */ = {
			isa = PBXFrameworksBuildPhase;
			buildActionMask = 2147483647;
			files = (
			);
			runOnlyForDeploymentPostprocessing = 0;
		};
/* End PBXFrameworksBuildPhase section */

/* Begin PBXGroup section */
		277D431C1DC8E61000B82E15 = {
			isa = PBXGroup;
			children = (
				277D43271DC8E61100B82E15 /* Test3D */,
				277D43261DC8E61100B82E15 /* Products */,
			);
			sourceTree = "<group>";
		};
		277D43261DC8E61100B82E15 /* Products */ = {
			isa = PBXGroup;
			children = (
				277D43251DC8E61100B82E15 /* Test3D */,
			);
			name = Products;
			sourceTree = "<group>";
		};
		277D43271DC8E61100B82E15 /* Test3D */ = {
			isa = PBXGroup;
			children = (
				277D43281DC8E61100B82E15 /* main.swift */,
				277D432F1DC8E63600B82E15 /* Point.swift */,
				27AFB0161DC94D5A0038A6E2 /* Matrix.swift */,
				27AFB0181DC9502F0038A6E2 /* Parallel.swift */,
			);
			path = Test3D;
			sourceTree = "<group>";
		};
/* End PBXGroup section */

/* Begin PBXNativeTarget section */
		277D43241DC8E61000B82E15 /* Test3D */ = {
			isa = PBXNativeTarget;
			buildConfigurationList = 277D432C1DC8E61100B82E15 /* Build configuration list for PBXNativeTarget "Test3D" */;
			buildPhases = (
				277D43211DC8E61000B82E15 /* Sources */,
				277D43221DC8E61000B82E15 /* Frameworks */,
				277D43231DC8E61000B82E15 /* CopyFiles */,
			);
			buildRules = (
			);
			dependencies = (
			);
			name = Test3D;
			productName = Test3D;
			productReference = 277D43251DC8E61100B82E15 /* Test3D */;
			productType = "com.apple.product-type.tool";
		};
/* End PBXNativeTarget section */

/* Begin PBXProject section */
		277D431D1DC8E61000B82E15 /* Project object */ = {
			isa = PBXProject;
			attributes = {
				LastSwiftUpdateCheck = 0810;
				LastUpgradeCheck = 0810;
				ORGANIZATIONNAME = "Paul Herz";
				TargetAttributes = {
					277D43241DC8E61000B82E15 = {
						CreatedOnToolsVersion = 8.1;
						DevelopmentTeam = M8MME6Q9DA;
						ProvisioningStyle = Automatic;
					};
				};
			};
			buildConfigurationList = 277D43201DC8E61000B82E15 /* Build configuration list for PBXProject "Test3D" */;
			compatibilityVersion = "Xcode 3.2";
			developmentRegion = English;
			hasScannedForEncodings = 0;
			knownRegions = (
				en,
			);
			mainGroup = 277D431C1DC8E61000B82E15;
			productRefGroup = 277D43261DC8E61100B82E15 /* Products */;
			projectDirPath = "";
			projectRoot = "";
			targets = (
				277D43241DC8E61000B82E15 /* Test3D */,
			);
		};
/* End PBXProject section */

/* Begin PBXSourcesBuildPhase section */
		277D43211DC8E61000B82E15 /* Sources */ = {
			isa = PBXSourcesBuildPhase;
			buildActionMask = 2147483647;
			files = (
				27AFB0191DC9502F0038A6E2 /* Parallel.swift in Sources */,
				277D43301DC8E63600B82E15 /* Point.swift in Sources */,
				277D43291DC8E61100B82E15 /* main.swift in Sources */,
				27AFB0171DC94D5A0038A6E2 /* Matrix.swift in Sources */,
			);
			runOnlyForDeploymentPostprocessing = 0;
		};
/* End PBXSourcesBuildPhase section */

/* Begin XCBuildConfiguration section */
		277D432A1DC8E61100B82E15 /* Debug */ = {
			isa = XCBuildConfiguration;
			buildSettings = {
				ALWAYS_SEARCH_USER_PATHS = NO;
				CLANG_ANALYZER_NONNULL = YES;
				CLANG_CXX_LANGUAGE_STANDARD = "gnu++0x";
				CLANG_CXX_LIBRARY = "libc++";
				CLANG_ENABLE_MODULES = YES;
				CLANG_ENABLE_OBJC_ARC = YES;
				CLANG_WARN_BOOL_CONVERSION = YES;
				CLANG_WARN_CONSTANT_CONVERSION = YES;
				CLANG_WARN_DIRECT_OBJC_ISA_USAGE = YES_ERROR;
				CLANG_WARN_DOCUMENTATION_COMMENTS = YES;
				CLANG_WARN_EMPTY_BODY = YES;
				CLANG_WARN_ENUM_CONVERSION = YES;
				CLANG_WARN_INFINITE_RECURSION = YES;
				CLANG_WARN_INT_CONVERSION = YES;
				CLANG_WARN_OBJC_ROOT_CLASS = YES_ERROR;
				CLANG_WARN_SUSPICIOUS_MOVES = YES;
				CLANG_WARN_UNREACHABLE_CODE = YES;
				CLANG_WARN__DUPLICATE_METHOD_MATCH = YES;
				CODE_SIGN_IDENTITY = "-";
				COPY_PHASE_STRIP = NO;
				DEBUG_INFORMATION_FORMAT = dwarf;
				ENABLE_STRICT_OBJC_MSGSEND = YES;
				ENABLE_TESTABILITY = YES;
				GCC_C_LANGUAGE_STANDARD = gnu99;
				GCC_DYNAMIC_NO_PIC = NO;
				GCC_NO_COMMON_BLOCKS = YES;
				GCC_OPTIMIZATION_LEVEL = 0;
				GCC_PREPROCESSOR_DEFINITIONS = (
					"DEBUG=1",
					"$(inherited)",
				);
				GCC_WARN_64_TO_32_BIT_CONVERSION = YES;
				GCC_WARN_ABOUT_RETURN_TYPE = YES_ERROR;
				GCC_WARN_UNDECLARED_SELECTOR = YES;
				GCC_WARN_UNINITIALIZED_AUTOS = YES_AGGRESSIVE;
				GCC_WARN_UNUSED_FUNCTION = YES;
				GCC_WARN_UNUSED_VARIABLE = YES;
				MACOSX_DEPLOYMENT_TARGET = 10.12;
				MTL_ENABLE_DEBUG_INFO = YES;
				ONLY_ACTIVE_ARCH = YES;
				SDKROOT = macosx;
				SWIFT_OPTIMIZATION_LEVEL = "-Onone";
			};
			name = Debug;
		};
		277D432B1DC8E61100B82E15 /* Release */ = {
			isa = XCBuildConfiguration;
			buildSettings = {
				ALWAYS_SEARCH_USER_PATHS = NO;
				CLANG_ANALYZER_NONNULL = YES;
				CLANG_CXX_LANGUAGE_STANDARD = "gnu++0x";
				CLANG_CXX_LIBRARY = "libc++";
				CLANG_ENABLE_MODULES = YES;
				CLANG_ENABLE_OBJC_ARC = YES;
				CLANG_WARN_BOOL_CONVERSION = YES;
				CLANG_WARN_CONSTANT_CONVERSION = YES;
				CLANG_WARN_DIRECT_OBJC_ISA_USAGE = YES_ERROR;
				CLANG_WARN_DOCUMENTATION_COMMENTS = YES;
				CLANG_WARN_EMPTY_BODY = YES;
				CLANG_WARN_ENUM_CONVERSION = YES;
				CLANG_WARN_INFINITE_RECURSION = YES;
				CLANG_WARN_INT_CONVERSION = YES;
				CLANG_WARN_OBJC_ROOT_CLASS = YES_ERROR;
				CLANG_WARN_SUSPICIOUS_MOVES = YES;
				CLANG_WARN_UNREACHABLE_CODE = YES;
				CLANG_WARN__DUPLICATE_METHOD_MATCH = YES;
				CODE_SIGN_IDENTITY = "-";
				COPY_PHASE_STRIP = NO;
				DEBUG_INFORMATION_FORMAT = "dwarf-with-dsym";
				ENABLE_NS_ASSERTIONS = NO;
				ENABLE_STRICT_OBJC_MSGSEND = YES;
				GCC_C_LANGUAGE_STANDARD = gnu99;
				GCC_NO_COMMON_BLOCKS = YES;
				GCC_WARN_64_TO_32_BIT_CONVERSION = YES;
				GCC_WARN_ABOUT_RETURN_TYPE = YES_ERROR;
				GCC_WARN_UNDECLARED_SELECTOR = YES;
				GCC_WARN_UNINITIALIZED_AUTOS = YES_AGGRESSIVE;
				GCC_WARN_UNUSED_FUNCTION = YES;
				GCC_WARN_UNUSED_VARIABLE = YES;
				MACOSX_DEPLOYMENT_TARGET = 10.12;
				MTL_ENABLE_DEBUG_INFO = NO;
				SDKROOT = macosx;
			};
			name = Release;
		};
		277D432D1DC8E61100B82E15 /* Debug */ = {
			isa = XCBuildConfiguration;
			buildSettings = {
				DEVELOPMENT_TEAM = M8MME6Q9DA;
				PRODUCT_NAME = "$(TARGET_NAME)";
				SWIFT_VERSION = 3.0;
			};
			name = Debug;
		};
		277D432E1DC8E61100B82E15 /* Release */ = {
			isa = XCBuildConfiguration;
			buildSettings = {
				DEVELOPMENT_TEAM = M8MME6Q9DA;
				PRODUCT_NAME = "$(TARGET_NAME)";
				SWIFT_VERSION = 3.0;
			};
			name = Release;
		};
/* End XCBuildConfiguration section */

/* Begin XCConfigurationList section */
		277D43201DC8E61000B82E15 /* Build configuration list for PBXProject "Test3D" */ = {
			isa = XCConfigurationList;
			buildConfigurations = (
				277D432A1DC8E61100B82E15 /* Debug */,
				277D432B1DC8E61100B82E15 /* Release */,
			);
			defaultConfigurationIsVisible = 0;
			defaultConfigurationName = Release;
		};
		277D432C1DC8E61100B82E15 /* Build configuration list for PBXNativeTarget "Test3D" */ = {
			isa = XCConfigurationList;
			buildConfigurations = (
				277D432D1DC8E61100B82E15 /* Debug */,
				277D432E1DC8E61100B82E15 /* Release */,
			);
			defaultConfigurationIsVisible = 0;
			defaultConfigurationName = Release;
		};
/* End XCConfigurationList section */
	};
	rootObject = 277D431D1DC8E61000B82E15 /* Project object */;
}
